// !$*UTF8*$!
{
	archiveVersion = 1;
	classes = {
	};
	objectVersion = 50;
	objects = {

/* Begin PBXBuildFile section */
		B239095F20B01BDE0022A466 /* AppDelegate.swift in Sources */ = {isa = PBXBuildFile; fileRef = B239095E20B01BDE0022A466 /* AppDelegate.swift */; };
		B239096420B01BDE0022A466 /* Main.storyboard in Resources */ = {isa = PBXBuildFile; fileRef = B239096220B01BDE0022A466 /* Main.storyboard */; };
		B239096620B01BE00022A466 /* Assets.xcassets in Resources */ = {isa = PBXBuildFile; fileRef = B239096520B01BE00022A466 /* Assets.xcassets */; };
		B239096920B01BE00022A466 /* LaunchScreen.storyboard in Resources */ = {isa = PBXBuildFile; fileRef = B239096720B01BE00022A466 /* LaunchScreen.storyboard */; };
		B239097220B01DF40022A466 /* User.swift in Sources */ = {isa = PBXBuildFile; fileRef = B239097120B01DF40022A466 /* User.swift */; };
		B239097620B01F270022A466 /* UsersViewModel.swift in Sources */ = {isa = PBXBuildFile; fileRef = B239097520B01F270022A466 /* UsersViewModel.swift */; };
		B239097820B01FA30022A466 /* Network.swift in Sources */ = {isa = PBXBuildFile; fileRef = B239097720B01FA30022A466 /* Network.swift */; };
		B239097A20B021320022A466 /* UserListDataSource.swift in Sources */ = {isa = PBXBuildFile; fileRef = B239097920B021320022A466 /* UserListDataSource.swift */; };
		B239097D20B021A60022A466 /* UserTableViewCell.swift in Sources */ = {isa = PBXBuildFile; fileRef = B239097C20B021A60022A466 /* UserTableViewCell.swift */; };
		B239097F20B022500022A466 /* UserListViewController.swift in Sources */ = {isa = PBXBuildFile; fileRef = B239097E20B022500022A466 /* UserListViewController.swift */; };
		B239098520B023CA0022A466 /* UserDetailsViewModel.swift in Sources */ = {isa = PBXBuildFile; fileRef = B239098420B023CA0022A466 /* UserDetailsViewModel.swift */; };
		B2EBC46820B058A300F0C9AE /* UsersDetailsViewController.swift in Sources */ = {isa = PBXBuildFile; fileRef = B2EBC46720B058A300F0C9AE /* UsersDetailsViewController.swift */; };
		B2FB144620B03690004A3D9E /* DataSerialization.swift in Sources */ = {isa = PBXBuildFile; fileRef = B2FB144520B03690004A3D9E /* DataSerialization.swift */; };
		CD3639633D0157C1089DBE4A /* Pods_ContactsApp.framework in Frameworks */ = {isa = PBXBuildFile; fileRef = 355E6871583E1F35A492DA72 /* Pods_ContactsApp.framework */; };
/* End PBXBuildFile section */

/* Begin PBXFileReference section */
		355E6871583E1F35A492DA72 /* Pods_ContactsApp.framework */ = {isa = PBXFileReference; explicitFileType = wrapper.framework; includeInIndex = 0; path = Pods_ContactsApp.framework; sourceTree = BUILT_PRODUCTS_DIR; };
		4F386CBDD95BCE45815D94E4 /* Pods-ContactsApp.debug.xcconfig */ = {isa = PBXFileReference; includeInIndex = 1; lastKnownFileType = text.xcconfig; name = "Pods-ContactsApp.debug.xcconfig"; path = "Pods/Target Support Files/Pods-ContactsApp/Pods-ContactsApp.debug.xcconfig"; sourceTree = "<group>"; };
		B239095B20B01BDE0022A466 /* ContactsApp.app */ = {isa = PBXFileReference; explicitFileType = wrapper.application; includeInIndex = 0; path = ContactsApp.app; sourceTree = BUILT_PRODUCTS_DIR; };
		B239095E20B01BDE0022A466 /* AppDelegate.swift */ = {isa = PBXFileReference; lastKnownFileType = sourcecode.swift; path = AppDelegate.swift; sourceTree = "<group>"; };
		B239096320B01BDE0022A466 /* Base */ = {isa = PBXFileReference; lastKnownFileType = file.storyboard; name = Base; path = Base.lproj/Main.storyboard; sourceTree = "<group>"; };
		B239096520B01BE00022A466 /* Assets.xcassets */ = {isa = PBXFileReference; lastKnownFileType = folder.assetcatalog; path = Assets.xcassets; sourceTree = "<group>"; };
		B239096820B01BE00022A466 /* Base */ = {isa = PBXFileReference; lastKnownFileType = file.storyboard; name = Base; path = Base.lproj/LaunchScreen.storyboard; sourceTree = "<group>"; };
		B239096A20B01BE00022A466 /* Info.plist */ = {isa = PBXFileReference; lastKnownFileType = text.plist.xml; path = Info.plist; sourceTree = "<group>"; };
		B239097120B01DF40022A466 /* User.swift */ = {isa = PBXFileReference; lastKnownFileType = sourcecode.swift; path = User.swift; sourceTree = "<group>"; };
		B239097520B01F270022A466 /* UsersViewModel.swift */ = {isa = PBXFileReference; lastKnownFileType = sourcecode.swift; path = UsersViewModel.swift; sourceTree = "<group>"; };
		B239097720B01FA30022A466 /* Network.swift */ = {isa = PBXFileReference; lastKnownFileType = sourcecode.swift; path = Network.swift; sourceTree = "<group>"; };
		B239097920B021320022A466 /* UserListDataSource.swift */ = {isa = PBXFileReference; lastKnownFileType = sourcecode.swift; path = UserListDataSource.swift; sourceTree = "<group>"; };
		B239097C20B021A60022A466 /* UserTableViewCell.swift */ = {isa = PBXFileReference; lastKnownFileType = sourcecode.swift; path = UserTableViewCell.swift; sourceTree = "<group>"; };
		B239097E20B022500022A466 /* UserListViewController.swift */ = {isa = PBXFileReference; lastKnownFileType = sourcecode.swift; path = UserListViewController.swift; sourceTree = "<group>"; };
		B239098420B023CA0022A466 /* UserDetailsViewModel.swift */ = {isa = PBXFileReference; lastKnownFileType = sourcecode.swift; path = UserDetailsViewModel.swift; sourceTree = "<group>"; };
		B2EBC46720B058A300F0C9AE /* UsersDetailsViewController.swift */ = {isa = PBXFileReference; lastKnownFileType = sourcecode.swift; path = UsersDetailsViewController.swift; sourceTree = "<group>"; };
		B2FB144520B03690004A3D9E /* DataSerialization.swift */ = {isa = PBXFileReference; lastKnownFileType = sourcecode.swift; path = DataSerialization.swift; sourceTree = "<group>"; };
		BA07699A60F54D618D4C0C4D /* Pods-ContactsApp.release.xcconfig */ = {isa = PBXFileReference; includeInIndex = 1; lastKnownFileType = text.xcconfig; name = "Pods-ContactsApp.release.xcconfig"; path = "Pods/Target Support Files/Pods-ContactsApp/Pods-ContactsApp.release.xcconfig"; sourceTree = "<group>"; };
/* End PBXFileReference section */

/* Begin PBXFrameworksBuildPhase section */
		B239095820B01BDE0022A466 /* Frameworks */ = {
			isa = PBXFrameworksBuildPhase;
			buildActionMask = 2147483647;
			files = (
				CD3639633D0157C1089DBE4A /* Pods_ContactsApp.framework in Frameworks */,
			);
			runOnlyForDeploymentPostprocessing = 0;
		};
/* End PBXFrameworksBuildPhase section */

/* Begin PBXGroup section */
		2B5C6CB2910413E1743A258B /* Frameworks */ = {
			isa = PBXGroup;
			children = (
				355E6871583E1F35A492DA72 /* Pods_ContactsApp.framework */,
			);
			name = Frameworks;
			sourceTree = "<group>";
		};
		B239095220B01BDE0022A466 = {
			isa = PBXGroup;
			children = (
				B239095D20B01BDE0022A466 /* ContactsApp */,
				B239095C20B01BDE0022A466 /* Products */,
				FB4C99FCB3179814FB2DCBAF /* Pods */,
				2B5C6CB2910413E1743A258B /* Frameworks */,
			);
			sourceTree = "<group>";
		};
		B239095C20B01BDE0022A466 /* Products */ = {
			isa = PBXGroup;
			children = (
				B239095B20B01BDE0022A466 /* ContactsApp.app */,
			);
			name = Products;
			sourceTree = "<group>";
		};
		B239095D20B01BDE0022A466 /* ContactsApp */ = {
			isa = PBXGroup;
			children = (
				B25BB9BF20B06A0F009FE1DB /* Managers */,
				B239098120B022740022A466 /* Model */,
				B239098020B022580022A466 /* ViewController */,
				B239097B20B021930022A466 /* View */,
				B239097020B01D460022A466 /* ViewModel */,
				B239095E20B01BDE0022A466 /* AppDelegate.swift */,
				B239096220B01BDE0022A466 /* Main.storyboard */,
				B239096520B01BE00022A466 /* Assets.xcassets */,
				B239096720B01BE00022A466 /* LaunchScreen.storyboard */,
				B239096A20B01BE00022A466 /* Info.plist */,
			);
			path = ContactsApp;
			sourceTree = "<group>";
		};
		B239097020B01D460022A466 /* ViewModel */ = {
			isa = PBXGroup;
			children = (
				B239097520B01F270022A466 /* UsersViewModel.swift */,
				B239097920B021320022A466 /* UserListDataSource.swift */,
				B239098420B023CA0022A466 /* UserDetailsViewModel.swift */,
			);
			path = ViewModel;
			sourceTree = "<group>";
		};
		B239097B20B021930022A466 /* View */ = {
			isa = PBXGroup;
			children = (
				B239097C20B021A60022A466 /* UserTableViewCell.swift */,
			);
			path = View;
			sourceTree = "<group>";
		};
		B239098020B022580022A466 /* ViewController */ = {
			isa = PBXGroup;
			children = (
				B239097E20B022500022A466 /* UserListViewController.swift */,
				B2EBC46720B058A300F0C9AE /* UsersDetailsViewController.swift */,
			);
			path = ViewController;
			sourceTree = "<group>";
		};
		B239098120B022740022A466 /* Model */ = {
			isa = PBXGroup;
			children = (
				B239097120B01DF40022A466 /* User.swift */,
			);
			path = Model;
			sourceTree = "<group>";
		};
		B25BB9BF20B06A0F009FE1DB /* Managers */ = {
			isa = PBXGroup;
			children = (
				B239097720B01FA30022A466 /* Network.swift */,
				B2FB144520B03690004A3D9E /* DataSerialization.swift */,
			);
			path = Managers;
			sourceTree = "<group>";
		};
		FB4C99FCB3179814FB2DCBAF /* Pods */ = {
			isa = PBXGroup;
			children = (
				4F386CBDD95BCE45815D94E4 /* Pods-ContactsApp.debug.xcconfig */,
				BA07699A60F54D618D4C0C4D /* Pods-ContactsApp.release.xcconfig */,
			);
			name = Pods;
			sourceTree = "<group>";
		};
/* End PBXGroup section */

/* Begin PBXNativeTarget section */
		B239095A20B01BDE0022A466 /* ContactsApp */ = {
			isa = PBXNativeTarget;
			buildConfigurationList = B239096D20B01BE00022A466 /* Build configuration list for PBXNativeTarget "ContactsApp" */;
			buildPhases = (
				18D1CF989E144D21504ABC1A /* [CP] Check Pods Manifest.lock */,
				B239095720B01BDE0022A466 /* Sources */,
				B239095820B01BDE0022A466 /* Frameworks */,
				B239095920B01BDE0022A466 /* Resources */,
				ABDB030E19B8842CCDB5F2EA /* [CP] Embed Pods Frameworks */,
			);
			buildRules = (
			);
			dependencies = (
			);
			name = ContactsApp;
			productName = ContactsApp;
			productReference = B239095B20B01BDE0022A466 /* ContactsApp.app */;
			productType = "com.apple.product-type.application";
		};
/* End PBXNativeTarget section */

/* Begin PBXProject section */
		B239095320B01BDE0022A466 /* Project object */ = {
			isa = PBXProject;
			attributes = {
				LastSwiftUpdateCheck = 0930;
				LastUpgradeCheck = 0930;
				ORGANIZATIONNAME = "Mesrop Kareyan";
				TargetAttributes = {
					B239095A20B01BDE0022A466 = {
						CreatedOnToolsVersion = 9.3.1;
					};
				};
			};
			buildConfigurationList = B239095620B01BDE0022A466 /* Build configuration list for PBXProject "ContactsApp" */;
			compatibilityVersion = "Xcode 9.3";
			developmentRegion = en;
			hasScannedForEncodings = 0;
			knownRegions = (
				en,
				Base,
			);
			mainGroup = B239095220B01BDE0022A466;
			productRefGroup = B239095C20B01BDE0022A466 /* Products */;
			projectDirPath = "";
			projectRoot = "";
			targets = (
				B239095A20B01BDE0022A466 /* ContactsApp */,
			);
		};
/* End PBXProject section */

/* Begin PBXResourcesBuildPhase section */
		B239095920B01BDE0022A466 /* Resources */ = {
			isa = PBXResourcesBuildPhase;
			buildActionMask = 2147483647;
			files = (
				B239096920B01BE00022A466 /* LaunchScreen.storyboard in Resources */,
				B239096620B01BE00022A466 /* Assets.xcassets in Resources */,
				B239096420B01BDE0022A466 /* Main.storyboard in Resources */,
			);
			runOnlyForDeploymentPostprocessing = 0;
		};
/* End PBXResourcesBuildPhase section */

/* Begin PBXShellScriptBuildPhase section */
		18D1CF989E144D21504ABC1A /* [CP] Check Pods Manifest.lock */ = {
			isa = PBXShellScriptBuildPhase;
			buildActionMask = 2147483647;
			files = (
			);
			inputPaths = (
				"${PODS_PODFILE_DIR_PATH}/Podfile.lock",
				"${PODS_ROOT}/Manifest.lock",
			);
			name = "[CP] Check Pods Manifest.lock";
			outputPaths = (
				"$(DERIVED_FILE_DIR)/Pods-ContactsApp-checkManifestLockResult.txt",
			);
			runOnlyForDeploymentPostprocessing = 0;
			shellPath = /bin/sh;
			shellScript = "diff \"${PODS_PODFILE_DIR_PATH}/Podfile.lock\" \"${PODS_ROOT}/Manifest.lock\" > /dev/null\nif [ $? != 0 ] ; then\n    # print error to STDERR\n    echo \"error: The sandbox is not in sync with the Podfile.lock. Run 'pod install' or update your CocoaPods installation.\" >&2\n    exit 1\nfi\n# This output is used by Xcode 'outputs' to avoid re-running this script phase.\necho \"SUCCESS\" > \"${SCRIPT_OUTPUT_FILE_0}\"\n";
			showEnvVarsInLog = 0;
		};
		ABDB030E19B8842CCDB5F2EA /* [CP] Embed Pods Frameworks */ = {
			isa = PBXShellScriptBuildPhase;
			buildActionMask = 2147483647;
			files = (
			);
			inputPaths = (
				"${SRCROOT}/Pods/Target Support Files/Pods-ContactsApp/Pods-ContactsApp-frameworks.sh",
				"${BUILT_PRODUCTS_DIR}/JGProgressHUD/JGProgressHUD.framework",
				"${BUILT_PRODUCTS_DIR}/Realm/Realm.framework",
				"${BUILT_PRODUCTS_DIR}/RealmSwift/RealmSwift.framework",
				"${BUILT_PRODUCTS_DIR}/SDWebImage/SDWebImage.framework",
			);
			name = "[CP] Embed Pods Frameworks";
			outputPaths = (
				"${TARGET_BUILD_DIR}/${FRAMEWORKS_FOLDER_PATH}/JGProgressHUD.framework",
				"${TARGET_BUILD_DIR}/${FRAMEWORKS_FOLDER_PATH}/Realm.framework",
				"${TARGET_BUILD_DIR}/${FRAMEWORKS_FOLDER_PATH}/RealmSwift.framework",
				"${TARGET_BUILD_DIR}/${FRAMEWORKS_FOLDER_PATH}/SDWebImage.framework",
			);
			runOnlyForDeploymentPostprocessing = 0;
			shellPath = /bin/sh;
			shellScript = "\"${SRCROOT}/Pods/Target Support Files/Pods-ContactsApp/Pods-ContactsApp-frameworks.sh\"\n";
			showEnvVarsInLog = 0;
		};
/* End PBXShellScriptBuildPhase section */

/* Begin PBXSourcesBuildPhase section */
		B239095720B01BDE0022A466 /* Sources */ = {
			isa = PBXSourcesBuildPhase;
			buildActionMask = 2147483647;
			files = (
				B239097620B01F270022A466 /* UsersViewModel.swift in Sources */,
				B2FB144620B03690004A3D9E /* DataSerialization.swift in Sources */,
				B2EBC46820B058A300F0C9AE /* UsersDetailsViewController.swift in Sources */,
				B239097820B01FA30022A466 /* Network.swift in Sources */,
				B239097D20B021A60022A466 /* UserTableViewCell.swift in Sources */,
				B239097F20B022500022A466 /* UserListViewController.swift in Sources */,
				B239097220B01DF40022A466 /* User.swift in Sources */,
				B239098520B023CA0022A466 /* UserDetailsViewModel.swift in Sources */,
				B239097A20B021320022A466 /* UserListDataSource.swift in Sources */,
				B239095F20B01BDE0022A466 /* AppDelegate.swift in Sources */,
			);
			runOnlyForDeploymentPostprocessing = 0;
		};
/* End PBXSourcesBuildPhase section */

/* Begin PBXVariantGroup section */
		B239096220B01BDE0022A466 /* Main.storyboard */ = {
			isa = PBXVariantGroup;
			children = (
				B239096320B01BDE0022A466 /* Base */,
			);
			name = Main.storyboard;
			sourceTree = "<group>";
		};
		B239096720B01BE00022A466 /* LaunchScreen.storyboard */ = {
			isa = PBXVariantGroup;
			children = (
				B239096820B01BE00022A466 /* Base */,
			);
			name = LaunchScreen.storyboard;
			sourceTree = "<group>";
		};
/* End PBXVariantGroup section */

/* Begin XCBuildConfiguration section */
		B239096B20B01BE00022A466 /* Debug */ = {
			isa = XCBuildConfiguration;
			buildSettings = {
				ALWAYS_SEARCH_USER_PATHS = NO;
				CLANG_ANALYZER_NONNULL = YES;
				CLANG_ANALYZER_NUMBER_OBJECT_CONVERSION = YES_AGGRESSIVE;
				CLANG_CXX_LANGUAGE_STANDARD = "gnu++14";
				CLANG_CXX_LIBRARY = "libc++";
				CLANG_ENABLE_MODULES = YES;
				CLANG_ENABLE_OBJC_ARC = YES;
				CLANG_ENABLE_OBJC_WEAK = YES;
				CLANG_WARN_BLOCK_CAPTURE_AUTORELEASING = YES;
				CLANG_WARN_BOOL_CONVERSION = YES;
				CLANG_WARN_COMMA = YES;
				CLANG_WARN_CONSTANT_CONVERSION = YES;
				CLANG_WARN_DEPRECATED_OBJC_IMPLEMENTATIONS = YES;
				CLANG_WARN_DIRECT_OBJC_ISA_USAGE = YES_ERROR;
				CLANG_WARN_DOCUMENTATION_COMMENTS = YES;
				CLANG_WARN_EMPTY_BODY = YES;
				CLANG_WARN_ENUM_CONVERSION = YES;
				CLANG_WARN_INFINITE_RECURSION = YES;
				CLANG_WARN_INT_CONVERSION = YES;
				CLANG_WARN_NON_LITERAL_NULL_CONVERSION = YES;
				CLANG_WARN_OBJC_IMPLICIT_RETAIN_SELF = YES;
				CLANG_WARN_OBJC_LITERAL_CONVERSION = YES;
				CLANG_WARN_OBJC_ROOT_CLASS = YES_ERROR;
				CLANG_WARN_RANGE_LOOP_ANALYSIS = YES;
				CLANG_WARN_STRICT_PROTOTYPES = YES;
				CLANG_WARN_SUSPICIOUS_MOVE = YES;
				CLANG_WARN_UNGUARDED_AVAILABILITY = YES_AGGRESSIVE;
				CLANG_WARN_UNREACHABLE_CODE = YES;
				CLANG_WARN__DUPLICATE_METHOD_MATCH = YES;
				CODE_SIGN_IDENTITY = "iPhone Developer";
				COPY_PHASE_STRIP = NO;
				DEBUG_INFORMATION_FORMAT = dwarf;
				ENABLE_STRICT_OBJC_MSGSEND = YES;
				ENABLE_TESTABILITY = YES;
				GCC_C_LANGUAGE_STANDARD = gnu11;
				GCC_DYNAMIC_NO_PIC = NO;
				GCC_NO_COMMON_BLOCKS = YES;
				GCC_OPTIMIZATION_LEVEL = 0;
				GCC_PREPROCESSOR_DEFINITIONS = (
					"DEBUG=1",
					"$(inherited)",
				);
				GCC_WARN_64_TO_32_BIT_CONVERSION = YES;
				GCC_WARN_ABOUT_RETURN_TYPE = YES_ERROR;
				GCC_WARN_UNDECLARED_SELECTOR = YES;
				GCC_WARN_UNINITIALIZED_AUTOS = YES_AGGRESSIVE;
				GCC_WARN_UNUSED_FUNCTION = YES;
				GCC_WARN_UNUSED_VARIABLE = YES;
				IPHONEOS_DEPLOYMENT_TARGET = 11.3;
				MTL_ENABLE_DEBUG_INFO = YES;
				ONLY_ACTIVE_ARCH = YES;
				SDKROOT = iphoneos;
				SWIFT_ACTIVE_COMPILATION_CONDITIONS = DEBUG;
				SWIFT_OPTIMIZATION_LEVEL = "-Onone";
			};
			name = Debug;
		};
		B239096C20B01BE00022A466 /* Release */ = {
			isa = XCBuildConfiguration;
			buildSettings = {
				ALWAYS_SEARCH_USER_PATHS = NO;
				CLANG_ANALYZER_NONNULL = YES;
				CLANG_ANALYZER_NUMBER_OBJECT_CONVERSION = YES_AGGRESSIVE;
				CLANG_CXX_LANGUAGE_STANDARD = "gnu++14";
				CLANG_CXX_LIBRARY = "libc++";
				CLANG_ENABLE_MODULES = YES;
				CLANG_ENABLE_OBJC_ARC = YES;
				CLANG_ENABLE_OBJC_WEAK = YES;
				CLANG_WARN_BLOCK_CAPTURE_AUTORELEASING = YES;
				CLANG_WARN_BOOL_CONVERSION = YES;
				CLANG_WARN_COMMA = YES;
				CLANG_WARN_CONSTANT_CONVERSION = YES;
				CLANG_WARN_DEPRECATED_OBJC_IMPLEMENTATIONS = YES;
				CLANG_WARN_DIRECT_OBJC_ISA_USAGE = YES_ERROR;
				CLANG_WARN_DOCUMENTATION_COMMENTS = YES;
				CLANG_WARN_EMPTY_BODY = YES;
				CLANG_WARN_ENUM_CONVERSION = YES;
				CLANG_WARN_INFINITE_RECURSION = YES;
				CLANG_WARN_INT_CONVERSION = YES;
				CLANG_WARN_NON_LITERAL_NULL_CONVERSION = YES;
				CLANG_WARN_OBJC_IMPLICIT_RETAIN_SELF = YES;
				CLANG_WARN_OBJC_LITERAL_CONVERSION = YES;
				CLANG_WARN_OBJC_ROOT_CLASS = YES_ERROR;
				CLANG_WARN_RANGE_LOOP_ANALYSIS = YES;
				CLANG_WARN_STRICT_PROTOTYPES = YES;
				CLANG_WARN_SUSPICIOUS_MOVE = YES;
				CLANG_WARN_UNGUARDED_AVAILABILITY = YES_AGGRESSIVE;
				CLANG_WARN_UNREACHABLE_CODE = YES;
				CLANG_WARN__DUPLICATE_METHOD_MATCH = YES;
				CODE_SIGN_IDENTITY = "iPhone Developer";
				COPY_PHASE_STRIP = NO;
				DEBUG_INFORMATION_FORMAT = "dwarf-with-dsym";
				ENABLE_NS_ASSERTIONS = NO;
				ENABLE_STRICT_OBJC_MSGSEND = YES;
				GCC_C_LANGUAGE_STANDARD = gnu11;
				GCC_NO_COMMON_BLOCKS = YES;
				GCC_WARN_64_TO_32_BIT_CONVERSION = YES;
				GCC_WARN_ABOUT_RETURN_TYPE = YES_ERROR;
				GCC_WARN_UNDECLARED_SELECTOR = YES;
				GCC_WARN_UNINITIALIZED_AUTOS = YES_AGGRESSIVE;
				GCC_WARN_UNUSED_FUNCTION = YES;
				GCC_WARN_UNUSED_VARIABLE = YES;
				IPHONEOS_DEPLOYMENT_TARGET = 11.3;
				MTL_ENABLE_DEBUG_INFO = NO;
				SDKROOT = iphoneos;
				SWIFT_COMPILATION_MODE = wholemodule;
				SWIFT_OPTIMIZATION_LEVEL = "-O";
				VALIDATE_PRODUCT = YES;
			};
			name = Release;
		};
		B239096E20B01BE00022A466 /* Debug */ = {
			isa = XCBuildConfiguration;
			baseConfigurationReference = 4F386CBDD95BCE45815D94E4 /* Pods-ContactsApp.debug.xcconfig */;
			buildSettings = {
				ASSETCATALOG_COMPILER_APPICON_NAME = AppIcon;
				CODE_SIGN_STYLE = Automatic;
				DEVELOPMENT_TEAM = F4KF659SS5;
				INFOPLIST_FILE = ContactsApp/Info.plist;
				IPHONEOS_DEPLOYMENT_TARGET = 9.3;
				LD_RUNPATH_SEARCH_PATHS = (
					"$(inherited)",
					"@executable_path/Frameworks",
				);
				PRODUCT_BUNDLE_IDENTIFIER = mesrop.kareyan.ContactsApp;
				PRODUCT_NAME = "$(TARGET_NAME)";
				SWIFT_VERSION = 4.0;
				TARGETED_DEVICE_FAMILY = "1,2";
			};
			name = Debug;
		};
		B239096F20B01BE00022A466 /* Release */ = {
			isa = XCBuildConfiguration;
			baseConfigurationReference = BA07699A60F54D618D4C0C4D /* Pods-ContactsApp.release.xcconfig */;
			buildSettings = {
				ASSETCATALOG_COMPILER_APPICON_NAME = AppIcon;
				CODE_SIGN_STYLE = Automatic;
				DEVELOPMENT_TEAM = F4KF659SS5;
				INFOPLIST_FILE = ContactsApp/Info.plist;
				IPHONEOS_DEPLOYMENT_TARGET = 9.3;
				LD_RUNPATH_SEARCH_PATHS = (
					"$(inherited)",
					"@executable_path/Frameworks",
				);
				PRODUCT_BUNDLE_IDENTIFIER = mesrop.kareyan.ContactsApp;
				PRODUCT_NAME = "$(TARGET_NAME)";
				SWIFT_VERSION = 4.0;
				TARGETED_DEVICE_FAMILY = "1,2";
			};
			name = Release;
		};
/* End XCBuildConfiguration section */

/* Begin XCConfigurationList section */
		B239095620B01BDE0022A466 /* Build configuration list for PBXProject "ContactsApp" */ = {
			isa = XCConfigurationList;
			buildConfigurations = (
				B239096B20B01BE00022A466 /* Debug */,
				B239096C20B01BE00022A466 /* Release */,
			);
			defaultConfigurationIsVisible = 0;
			defaultConfigurationName = Release;
		};
		B239096D20B01BE00022A466 /* Build configuration list for PBXNativeTarget "ContactsApp" */ = {
			isa = XCConfigurationList;
			buildConfigurations = (
				B239096E20B01BE00022A466 /* Debug */,
				B239096F20B01BE00022A466 /* Release */,
			);
			defaultConfigurationIsVisible = 0;
			defaultConfigurationName = Release;
		};
/* End XCConfigurationList section */
	};
	rootObject = B239095320B01BDE0022A466 /* Project object */;
}
